PODS:
  - Flutter (1.0.0)
  - integration_test (0.0.1):
    - Flutter
  - quickqr_scanner_plugin (1.0.0):
    - Flutter

DEPENDENCIES:
  - Flutter (from `Flutter`)
  - integration_test (from `.symlinks/plugins/integration_test/ios`)
  - quickqr_scanner_plugin (from `.symlinks/plugins/quickqr_scanner_plugin/ios`)

EXTERNAL SOURCES:
  Flutter:
    :path: Flutter
  integration_test:
    :path: ".symlinks/plugins/integration_test/ios"
  quickqr_scanner_plugin:
    :path: ".symlinks/plugins/quickqr_scanner_plugin/ios"

SPEC CHECKSUMS:
  Flutter: e0871f40cf51350855a761d2e70bf5af5b9b5de7
  integration_test: 4a889634ef21a45d28d50d622cf412dc6d9f586e
  quickqr_scanner_plugin: 039db79172c38d2e8ded12b49b56c6b4af585a04

PODFILE CHECKSUM: 4305caec6b40dde0ae97be1573c53de1882a07e5

COCOAPODS: 1.16.2
